
Microsoft Visual Studio Solution File, Format Version 12.00
# Visual Studio Version 16
VisualStudioVersion = 16.0.31129.286
MinimumVisualStudioVersion = 10.0.40219.1
Project("{FAE04EC0-301F-11D3-BF4B-00C04F79EFBC}") = "MoodAnalyzerProblem", "MoodAnalyzerProblem\MoodAnalyzerProblem.csproj", "{948F8BA8-35F4-472A-B6A2-38EB2F1402EA}"
EndProject
Project("{FAE04EC0-301F-11D3-BF4B-00C04F79EFBC}") = "MSTestForMoodAnalyzer", "MSTestForMoodAnalyzer\MSTestForMoodAnalyzer.csproj", "{0496C795-1E58-4401-9AFC-470C0FF93B00}"
EndProject
Global
	GlobalSection(SolutionConfigurationPlatforms) = preSolution
		Debug|Any CPU = Debug|Any CPU
		Release|Any CPU = Release|Any CPU
	EndGlobalSection
	GlobalSection(ProjectConfigurationPlatforms) = postSolution
		{948F8BA8-35F4-472A-B6A2-38EB2F1402EA}.Debug|Any CPU.ActiveCfg = Debug|Any CPU
		{948F8BA8-35F4-472A-B6A2-38EB2F1402EA}.Debug|Any CPU.Build.0 = Debug|Any CPU
		{948F8BA8-35F4-472A-B6A2-38EB2F1402EA}.Release|Any CPU.ActiveCfg = Release|Any CPU
		{948F8BA8-35F4-472A-B6A2-38EB2F1402EA}.Release|Any CPU.Build.0 = Release|Any CPU
		{0496C795-1E58-4401-9AFC-470C0FF93B00}.Debug|Any CPU.ActiveCfg = Debug|Any CPU
		{0496C795-1E58-4401-9AFC-470C0FF93B00}.Debug|Any CPU.Build.0 = Debug|Any CPU
		{0496C795-1E58-4401-9AFC-470C0FF93B00}.Release|Any CPU.ActiveCfg = Release|Any CPU
		{0496C795-1E58-4401-9AFC-470C0FF93B00}.Release|Any CPU.Build.0 = Release|Any CPU
	EndGlobalSection
	GlobalSection(SolutionProperties) = preSolution
		HideSolutionNode = FALSE
	EndGlobalSection
	GlobalSection(ExtensibilityGlobals) = postSolution
		SolutionGuid = {7A7C72D1-23A8-4992-A608-478E7F12D82F}
	EndGlobalSection
EndGlobal
